
Microsoft Visual Studio Solution File, Format Version 12.00
# Visual Studio Version 17
VisualStudioVersion = 17.11.35303.130
MinimumVisualStudioVersion = 10.0.40219.1
Project("{2150E333-8FDC-42A3-9474-1A3956D46DE8}") = "Task0", "Task0", "{1271905D-10BE-4137-AFC8-E9D910A68A56}"
EndProject
Project("{FAE04EC0-301F-11D3-BF4B-00C04F79EFBC}") = "Tyuiu.CherkashinMM.Sprint5.Task0.V19", "Tyuiu.CherkashinMM.Sprint5.Task0.V19\Tyuiu.CherkashinMM.Sprint5.Task0.V19.csproj", "{C88137B5-9262-44CF-9168-AC26BB6ADEEF}"
EndProject
Project("{FAE04EC0-301F-11D3-BF4B-00C04F79EFBC}") = "Tyuiu.CherkashinMM.Sprint5.Task0.V19.Lib", "Tyuiu.CherkashinMM.Sprint5.Task0.V19.Lib\Tyuiu.CherkashinMM.Sprint5.Task0.V19.Lib.csproj", "{C5C17899-B228-4462-98EF-BF343074B550}"
EndProject
Project("{FAE04EC0-301F-11D3-BF4B-00C04F79EFBC}") = "Tyuiu.CherkashinMM.Sprint5.Task0.V19.Test", "Tyuiu.CherkashinMM.Sprint5.Task0.V19.Test\Tyuiu.CherkashinMM.Sprint5.Task0.V19.Test.csproj", "{1E5A2913-DD86-4EF6-9B71-E201FE031087}"
EndProject
Project("{2150E333-8FDC-42A3-9474-1A3956D46DE8}") = "Task1", "Task1", "{747C241A-D5A8-45D3-B071-EBD416D6AAC0}"
EndProject
Project("{FAE04EC0-301F-11D3-BF4B-00C04F79EFBC}") = "Tyuiu.CherkashinMM.Sprint5.Task1.V10", "Tyuiu.CherkashinMM.Sprint5.Task1.V10\Tyuiu.CherkashinMM.Sprint5.Task1.V10.csproj", "{85C05714-09A7-4625-8B62-148322C45B0E}"
EndProject
Project("{FAE04EC0-301F-11D3-BF4B-00C04F79EFBC}") = "Tyuiu.CherkashinMM.Sprint5.Task1.V10.Lib", "Tyuiu.CherkashinMM.Sprint5.Task1.V10.Lib\Tyuiu.CherkashinMM.Sprint5.Task1.V10.Lib.csproj", "{F5A76492-F1E2-4162-B635-CE40BF258A04}"
EndProject
Project("{FAE04EC0-301F-11D3-BF4B-00C04F79EFBC}") = "Tyuiu.CherkashinMM.Sprint5.Task1.V10.Test", "Tyuiu.CherkashinMM.Sprint5.Task1.V10.Test\Tyuiu.CherkashinMM.Sprint5.Task1.V10.Test.csproj", "{413918DC-077A-4A9A-8808-D4C7B655FD7A}"
EndProject
Project("{2150E333-8FDC-42A3-9474-1A3956D46DE8}") = "Task2", "Task2", "{6D311F73-4C79-46BB-8866-366914F85CC9}"
EndProject
Project("{FAE04EC0-301F-11D3-BF4B-00C04F79EFBC}") = "Tyuiu.CherkashinMM.Sprint5.Task2.V1", "Tyuiu.CherkashinMM.Sprint5.Task2.V1\Tyuiu.CherkashinMM.Sprint5.Task2.V1.csproj", "{52347D5A-1CFA-4BD2-BEDE-F4833E5AE5D9}"
EndProject
Project("{FAE04EC0-301F-11D3-BF4B-00C04F79EFBC}") = "Tyuiu.CherkashinMM.Sprint5.Task2.V1.Lib", "Tyuiu.CherkashinMM.Sprint5.Task2.V1.Lib\Tyuiu.CherkashinMM.Sprint5.Task2.V1.Lib.csproj", "{6AF3BA24-DAB7-42C0-BC73-482C64A198B4}"
EndProject
Project("{FAE04EC0-301F-11D3-BF4B-00C04F79EFBC}") = "Tyuiu.CherkashinMM.Sprint5.Task2.V1.Test", "Tyuiu.CherkashinMM.Sprint5.Task2.V1.Test\Tyuiu.CherkashinMM.Sprint5.Task2.V1.Test.csproj", "{FE6D8AF2-93F3-40DF-8841-BBAB5B452AE5}"
EndProject
Project("{2150E333-8FDC-42A3-9474-1A3956D46DE8}") = "Task3", "Task3", "{B9E776C4-F804-42BF-AE5A-D27CF33895D8}"
EndProject
Project("{FAE04EC0-301F-11D3-BF4B-00C04F79EFBC}") = "Tyuiu.CherkashinMM.Sprint5.Task3.V21", "Tyuiu.CherkashinMM.Sprint5.Task3.V21\Tyuiu.CherkashinMM.Sprint5.Task3.V21.csproj", "{962BCCB2-333A-42CE-974F-A594D52C2BCD}"
EndProject
Project("{FAE04EC0-301F-11D3-BF4B-00C04F79EFBC}") = "Tyuiu.CherkashinMM.Sprint5.Task3.V21.Lib", "Tyuiu.CherkashinMM.Sprint5.Task3.V21.Lib\Tyuiu.CherkashinMM.Sprint5.Task3.V21.Lib.csproj", "{182B1C48-5166-47B1-A7C2-8723FF86C120}"
EndProject
Project("{FAE04EC0-301F-11D3-BF4B-00C04F79EFBC}") = "Tyuiu.CherkashinMM.Sprint5.Task3.V21.Test", "Tyuiu.CherkashinMM.Sprint5.Task3.V21.Test\Tyuiu.CherkashinMM.Sprint5.Task3.V21.Test.csproj", "{CC237AF4-7931-4F0C-9AF5-259A9F46F448}"
EndProject
Global
	GlobalSection(SolutionProperties) = preSolution
		HideSolutionNode = FALSE
	EndGlobalSection
	GlobalSection(ExtensibilityGlobals) = postSolution
		SolutionGuid = {AA192D1C-667C-4D3F-949C-521CA42D06A9}
	EndGlobalSection
	GlobalSection(SolutionConfigurationPlatforms) = preSolution
		Debug|Any CPU = Debug|Any CPU
		Debug|x64 = Debug|x64
		Debug|x86 = Debug|x86
		Release|Any CPU = Release|Any CPU
		Release|x64 = Release|x64
		Release|x86 = Release|x86
	EndGlobalSection
	GlobalSection(ProjectConfigurationPlatforms) = postSolution
		{C88137B5-9262-44CF-9168-AC26BB6ADEEF}.Debug|Any CPU.ActiveCfg = Debug|Any CPU
		{C88137B5-9262-44CF-9168-AC26BB6ADEEF}.Debug|Any CPU.Build.0 = Debug|Any CPU
		{C88137B5-9262-44CF-9168-AC26BB6ADEEF}.Debug|x64.ActiveCfg = Debug|Any CPU
		{C88137B5-9262-44CF-9168-AC26BB6ADEEF}.Debug|x64.Build.0 = Debug|Any CPU
		{C88137B5-9262-44CF-9168-AC26BB6ADEEF}.Debug|x86.ActiveCfg = Debug|Any CPU
		{C88137B5-9262-44CF-9168-AC26BB6ADEEF}.Debug|x86.Build.0 = Debug|Any CPU
		{C88137B5-9262-44CF-9168-AC26BB6ADEEF}.Release|Any CPU.ActiveCfg = Release|Any CPU
		{C88137B5-9262-44CF-9168-AC26BB6ADEEF}.Release|Any CPU.Build.0 = Release|Any CPU
		{C88137B5-9262-44CF-9168-AC26BB6ADEEF}.Release|x64.ActiveCfg = Release|Any CPU
		{C88137B5-9262-44CF-9168-AC26BB6ADEEF}.Release|x64.Build.0 = Release|Any CPU
		{C88137B5-9262-44CF-9168-AC26BB6ADEEF}.Release|x86.ActiveCfg = Release|Any CPU
		{C88137B5-9262-44CF-9168-AC26BB6ADEEF}.Release|x86.Build.0 = Release|Any CPU
		{C5C17899-B228-4462-98EF-BF343074B550}.Debug|Any CPU.ActiveCfg = Debug|Any CPU
		{C5C17899-B228-4462-98EF-BF343074B550}.Debug|Any CPU.Build.0 = Debug|Any CPU
		{C5C17899-B228-4462-98EF-BF343074B550}.Debug|x64.ActiveCfg = Debug|Any CPU
		{C5C17899-B228-4462-98EF-BF343074B550}.Debug|x64.Build.0 = Debug|Any CPU
		{C5C17899-B228-4462-98EF-BF343074B550}.Debug|x86.ActiveCfg = Debug|Any CPU
		{C5C17899-B228-4462-98EF-BF343074B550}.Debug|x86.Build.0 = Debug|Any CPU
		{C5C17899-B228-4462-98EF-BF343074B550}.Release|Any CPU.ActiveCfg = Release|Any CPU
		{C5C17899-B228-4462-98EF-BF343074B550}.Release|Any CPU.Build.0 = Release|Any CPU
		{C5C17899-B228-4462-98EF-BF343074B550}.Release|x64.ActiveCfg = Release|Any CPU
		{C5C17899-B228-4462-98EF-BF343074B550}.Release|x64.Build.0 = Release|Any CPU
		{C5C17899-B228-4462-98EF-BF343074B550}.Release|x86.ActiveCfg = Release|Any CPU
		{C5C17899-B228-4462-98EF-BF343074B550}.Release|x86.Build.0 = Release|Any CPU
		{1E5A2913-DD86-4EF6-9B71-E201FE031087}.Debug|Any CPU.ActiveCfg = Debug|Any CPU
		{1E5A2913-DD86-4EF6-9B71-E201FE031087}.Debug|Any CPU.Build.0 = Debug|Any CPU
		{1E5A2913-DD86-4EF6-9B71-E201FE031087}.Debug|x64.ActiveCfg = Debug|Any CPU
		{1E5A2913-DD86-4EF6-9B71-E201FE031087}.Debug|x64.Build.0 = Debug|Any CPU
		{1E5A2913-DD86-4EF6-9B71-E201FE031087}.Debug|x86.ActiveCfg = Debug|Any CPU
		{1E5A2913-DD86-4EF6-9B71-E201FE031087}.Debug|x86.Build.0 = Debug|Any CPU
		{1E5A2913-DD86-4EF6-9B71-E201FE031087}.Release|Any CPU.ActiveCfg = Release|Any CPU
		{1E5A2913-DD86-4EF6-9B71-E201FE031087}.Release|Any CPU.Build.0 = Release|Any CPU
		{1E5A2913-DD86-4EF6-9B71-E201FE031087}.Release|x64.ActiveCfg = Release|Any CPU
		{1E5A2913-DD86-4EF6-9B71-E201FE031087}.Release|x64.Build.0 = Release|Any CPU
		{1E5A2913-DD86-4EF6-9B71-E201FE031087}.Release|x86.ActiveCfg = Release|Any CPU
		{1E5A2913-DD86-4EF6-9B71-E201FE031087}.Release|x86.Build.0 = Release|Any CPU
		{85C05714-09A7-4625-8B62-148322C45B0E}.Debug|Any CPU.ActiveCfg = Debug|Any CPU
		{85C05714-09A7-4625-8B62-148322C45B0E}.Debug|Any CPU.Build.0 = Debug|Any CPU
		{85C05714-09A7-4625-8B62-148322C45B0E}.Debug|x64.ActiveCfg = Debug|Any CPU
		{85C05714-09A7-4625-8B62-148322C45B0E}.Debug|x64.Build.0 = Debug|Any CPU
		{85C05714-09A7-4625-8B62-148322C45B0E}.Debug|x86.ActiveCfg = Debug|Any CPU
		{85C05714-09A7-4625-8B62-148322C45B0E}.Debug|x86.Build.0 = Debug|Any CPU
		{85C05714-09A7-4625-8B62-148322C45B0E}.Release|Any CPU.ActiveCfg = Release|Any CPU
		{85C05714-09A7-4625-8B62-148322C45B0E}.Release|Any CPU.Build.0 = Release|Any CPU
		{85C05714-09A7-4625-8B62-148322C45B0E}.Release|x64.ActiveCfg = Release|Any CPU
		{85C05714-09A7-4625-8B62-148322C45B0E}.Release|x64.Build.0 = Release|Any CPU
		{85C05714-09A7-4625-8B62-148322C45B0E}.Release|x86.ActiveCfg = Release|Any CPU
		{85C05714-09A7-4625-8B62-148322C45B0E}.Release|x86.Build.0 = Release|Any CPU
		{F5A76492-F1E2-4162-B635-CE40BF258A04}.Debug|Any CPU.ActiveCfg = Debug|Any CPU
		{F5A76492-F1E2-4162-B635-CE40BF258A04}.Debug|Any CPU.Build.0 = Debug|Any CPU
		{F5A76492-F1E2-4162-B635-CE40BF258A04}.Debug|x64.ActiveCfg = Debug|Any CPU
		{F5A76492-F1E2-4162-B635-CE40BF258A04}.Debug|x64.Build.0 = Debug|Any CPU
		{F5A76492-F1E2-4162-B635-CE40BF258A04}.Debug|x86.ActiveCfg = Debug|Any CPU
		{F5A76492-F1E2-4162-B635-CE40BF258A04}.Debug|x86.Build.0 = Debug|Any CPU
		{F5A76492-F1E2-4162-B635-CE40BF258A04}.Release|Any CPU.ActiveCfg = Release|Any CPU
		{F5A76492-F1E2-4162-B635-CE40BF258A04}.Release|Any CPU.Build.0 = Release|Any CPU
		{F5A76492-F1E2-4162-B635-CE40BF258A04}.Release|x64.ActiveCfg = Release|Any CPU
		{F5A76492-F1E2-4162-B635-CE40BF258A04}.Release|x64.Build.0 = Release|Any CPU
		{F5A76492-F1E2-4162-B635-CE40BF258A04}.Release|x86.ActiveCfg = Release|Any CPU
		{F5A76492-F1E2-4162-B635-CE40BF258A04}.Release|x86.Build.0 = Release|Any CPU
		{413918DC-077A-4A9A-8808-D4C7B655FD7A}.Debug|Any CPU.ActiveCfg = Debug|Any CPU
		{413918DC-077A-4A9A-8808-D4C7B655FD7A}.Debug|Any CPU.Build.0 = Debug|Any CPU
		{413918DC-077A-4A9A-8808-D4C7B655FD7A}.Debug|x64.ActiveCfg = Debug|Any CPU
		{413918DC-077A-4A9A-8808-D4C7B655FD7A}.Debug|x64.Build.0 = Debug|Any CPU
		{413918DC-077A-4A9A-8808-D4C7B655FD7A}.Debug|x86.ActiveCfg = Debug|Any CPU
		{413918DC-077A-4A9A-8808-D4C7B655FD7A}.Debug|x86.Build.0 = Debug|Any CPU
		{413918DC-077A-4A9A-8808-D4C7B655FD7A}.Release|Any CPU.ActiveCfg = Release|Any CPU
		{413918DC-077A-4A9A-8808-D4C7B655FD7A}.Release|Any CPU.Build.0 = Release|Any CPU
		{413918DC-077A-4A9A-8808-D4C7B655FD7A}.Release|x64.ActiveCfg = Release|Any CPU
		{413918DC-077A-4A9A-8808-D4C7B655FD7A}.Release|x64.Build.0 = Release|Any CPU
		{413918DC-077A-4A9A-8808-D4C7B655FD7A}.Release|x86.ActiveCfg = Release|Any CPU
		{413918DC-077A-4A9A-8808-D4C7B655FD7A}.Release|x86.Build.0 = Release|Any CPU
		{52347D5A-1CFA-4BD2-BEDE-F4833E5AE5D9}.Debug|Any CPU.ActiveCfg = Debug|Any CPU
		{52347D5A-1CFA-4BD2-BEDE-F4833E5AE5D9}.Debug|Any CPU.Build.0 = Debug|Any CPU
		{52347D5A-1CFA-4BD2-BEDE-F4833E5AE5D9}.Debug|x64.ActiveCfg = Debug|Any CPU
		{52347D5A-1CFA-4BD2-BEDE-F4833E5AE5D9}.Debug|x64.Build.0 = Debug|Any CPU
		{52347D5A-1CFA-4BD2-BEDE-F4833E5AE5D9}.Debug|x86.ActiveCfg = Debug|Any CPU
		{52347D5A-1CFA-4BD2-BEDE-F4833E5AE5D9}.Debug|x86.Build.0 = Debug|Any CPU
		{52347D5A-1CFA-4BD2-BEDE-F4833E5AE5D9}.Release|Any CPU.ActiveCfg = Release|Any CPU
		{52347D5A-1CFA-4BD2-BEDE-F4833E5AE5D9}.Release|Any CPU.Build.0 = Release|Any CPU
		{52347D5A-1CFA-4BD2-BEDE-F4833E5AE5D9}.Release|x64.ActiveCfg = Release|Any CPU
		{52347D5A-1CFA-4BD2-BEDE-F4833E5AE5D9}.Release|x64.Build.0 = Release|Any CPU
		{52347D5A-1CFA-4BD2-BEDE-F4833E5AE5D9}.Release|x86.ActiveCfg = Release|Any CPU
		{52347D5A-1CFA-4BD2-BEDE-F4833E5AE5D9}.Release|x86.Build.0 = Release|Any CPU
		{6AF3BA24-DAB7-42C0-BC73-482C64A198B4}.Debug|Any CPU.ActiveCfg = Debug|Any CPU
		{6AF3BA24-DAB7-42C0-BC73-482C64A198B4}.Debug|Any CPU.Build.0 = Debug|Any CPU
		{6AF3BA24-DAB7-42C0-BC73-482C64A198B4}.Debug|x64.ActiveCfg = Debug|Any CPU
		{6AF3BA24-DAB7-42C0-BC73-482C64A198B4}.Debug|x64.Build.0 = Debug|Any CPU
		{6AF3BA24-DAB7-42C0-BC73-482C64A198B4}.Debug|x86.ActiveCfg = Debug|Any CPU
		{6AF3BA24-DAB7-42C0-BC73-482C64A198B4}.Debug|x86.Build.0 = Debug|Any CPU
		{6AF3BA24-DAB7-42C0-BC73-482C64A198B4}.Release|Any CPU.ActiveCfg = Release|Any CPU
		{6AF3BA24-DAB7-42C0-BC73-482C64A198B4}.Release|Any CPU.Build.0 = Release|Any CPU
		{6AF3BA24-DAB7-42C0-BC73-482C64A198B4}.Release|x64.ActiveCfg = Release|Any CPU
		{6AF3BA24-DAB7-42C0-BC73-482C64A198B4}.Release|x64.Build.0 = Release|Any CPU
		{6AF3BA24-DAB7-42C0-BC73-482C64A198B4}.Release|x86.ActiveCfg = Release|Any CPU
		{6AF3BA24-DAB7-42C0-BC73-482C64A198B4}.Release|x86.Build.0 = Release|Any CPU
		{FE6D8AF2-93F3-40DF-8841-BBAB5B452AE5}.Debug|Any CPU.ActiveCfg = Debug|Any CPU
		{FE6D8AF2-93F3-40DF-8841-BBAB5B452AE5}.Debug|Any CPU.Build.0 = Debug|Any CPU
		{FE6D8AF2-93F3-40DF-8841-BBAB5B452AE5}.Debug|x64.ActiveCfg = Debug|Any CPU
		{FE6D8AF2-93F3-40DF-8841-BBAB5B452AE5}.Debug|x64.Build.0 = Debug|Any CPU
		{FE6D8AF2-93F3-40DF-8841-BBAB5B452AE5}.Debug|x86.ActiveCfg = Debug|Any CPU
		{FE6D8AF2-93F3-40DF-8841-BBAB5B452AE5}.Debug|x86.Build.0 = Debug|Any CPU
		{FE6D8AF2-93F3-40DF-8841-BBAB5B452AE5}.Release|Any CPU.ActiveCfg = Release|Any CPU
		{FE6D8AF2-93F3-40DF-8841-BBAB5B452AE5}.Release|Any CPU.Build.0 = Release|Any CPU
		{FE6D8AF2-93F3-40DF-8841-BBAB5B452AE5}.Release|x64.ActiveCfg = Release|Any CPU
		{FE6D8AF2-93F3-40DF-8841-BBAB5B452AE5}.Release|x64.Build.0 = Release|Any CPU
		{FE6D8AF2-93F3-40DF-8841-BBAB5B452AE5}.Release|x86.ActiveCfg = Release|Any CPU
		{FE6D8AF2-93F3-40DF-8841-BBAB5B452AE5}.Release|x86.Build.0 = Release|Any CPU
		{962BCCB2-333A-42CE-974F-A594D52C2BCD}.Debug|Any CPU.ActiveCfg = Debug|Any CPU
		{962BCCB2-333A-42CE-974F-A594D52C2BCD}.Debug|Any CPU.Build.0 = Debug|Any CPU
		{962BCCB2-333A-42CE-974F-A594D52C2BCD}.Debug|x64.ActiveCfg = Debug|Any CPU
		{962BCCB2-333A-42CE-974F-A594D52C2BCD}.Debug|x64.Build.0 = Debug|Any CPU
		{962BCCB2-333A-42CE-974F-A594D52C2BCD}.Debug|x86.ActiveCfg = Debug|Any CPU
		{962BCCB2-333A-42CE-974F-A594D52C2BCD}.Debug|x86.Build.0 = Debug|Any CPU
		{962BCCB2-333A-42CE-974F-A594D52C2BCD}.Release|Any CPU.ActiveCfg = Release|Any CPU
		{962BCCB2-333A-42CE-974F-A594D52C2BCD}.Release|Any CPU.Build.0 = Release|Any CPU
		{962BCCB2-333A-42CE-974F-A594D52C2BCD}.Release|x64.ActiveCfg = Release|Any CPU
		{962BCCB2-333A-42CE-974F-A594D52C2BCD}.Release|x64.Build.0 = Release|Any CPU
		{962BCCB2-333A-42CE-974F-A594D52C2BCD}.Release|x86.ActiveCfg = Release|Any CPU
		{962BCCB2-333A-42CE-974F-A594D52C2BCD}.Release|x86.Build.0 = Release|Any CPU
		{182B1C48-5166-47B1-A7C2-8723FF86C120}.Debug|Any CPU.ActiveCfg = Debug|Any CPU
		{182B1C48-5166-47B1-A7C2-8723FF86C120}.Debug|Any CPU.Build.0 = Debug|Any CPU
		{182B1C48-5166-47B1-A7C2-8723FF86C120}.Debug|x64.ActiveCfg = Debug|Any CPU
		{182B1C48-5166-47B1-A7C2-8723FF86C120}.Debug|x64.Build.0 = Debug|Any CPU
		{182B1C48-5166-47B1-A7C2-8723FF86C120}.Debug|x86.ActiveCfg = Debug|Any CPU
		{182B1C48-5166-47B1-A7C2-8723FF86C120}.Debug|x86.Build.0 = Debug|Any CPU
		{182B1C48-5166-47B1-A7C2-8723FF86C120}.Release|Any CPU.ActiveCfg = Release|Any CPU
		{182B1C48-5166-47B1-A7C2-8723FF86C120}.Release|Any CPU.Build.0 = Release|Any CPU
		{182B1C48-5166-47B1-A7C2-8723FF86C120}.Release|x64.ActiveCfg = Release|Any CPU
		{182B1C48-5166-47B1-A7C2-8723FF86C120}.Release|x64.Build.0 = Release|Any CPU
		{182B1C48-5166-47B1-A7C2-8723FF86C120}.Release|x86.ActiveCfg = Release|Any CPU
		{182B1C48-5166-47B1-A7C2-8723FF86C120}.Release|x86.Build.0 = Release|Any CPU
		{CC237AF4-7931-4F0C-9AF5-259A9F46F448}.Debug|Any CPU.ActiveCfg = Debug|Any CPU
		{CC237AF4-7931-4F0C-9AF5-259A9F46F448}.Debug|Any CPU.Build.0 = Debug|Any CPU
		{CC237AF4-7931-4F0C-9AF5-259A9F46F448}.Debug|x64.ActiveCfg = Debug|Any CPU
		{CC237AF4-7931-4F0C-9AF5-259A9F46F448}.Debug|x64.Build.0 = Debug|Any CPU
		{CC237AF4-7931-4F0C-9AF5-259A9F46F448}.Debug|x86.ActiveCfg = Debug|Any CPU
		{CC237AF4-7931-4F0C-9AF5-259A9F46F448}.Debug|x86.Build.0 = Debug|Any CPU
		{CC237AF4-7931-4F0C-9AF5-259A9F46F448}.Release|Any CPU.ActiveCfg = Release|Any CPU
		{CC237AF4-7931-4F0C-9AF5-259A9F46F448}.Release|Any CPU.Build.0 = Release|Any CPU
		{CC237AF4-7931-4F0C-9AF5-259A9F46F448}.Release|x64.ActiveCfg = Release|Any CPU
		{CC237AF4-7931-4F0C-9AF5-259A9F46F448}.Release|x64.Build.0 = Release|Any CPU
		{CC237AF4-7931-4F0C-9AF5-259A9F46F448}.Release|x86.ActiveCfg = Release|Any CPU
		{CC237AF4-7931-4F0C-9AF5-259A9F46F448}.Release|x86.Build.0 = Release|Any CPU
	EndGlobalSection
	GlobalSection(NestedProjects) = preSolution
		{C88137B5-9262-44CF-9168-AC26BB6ADEEF} = {1271905D-10BE-4137-AFC8-E9D910A68A56}
		{C5C17899-B228-4462-98EF-BF343074B550} = {1271905D-10BE-4137-AFC8-E9D910A68A56}
		{1E5A2913-DD86-4EF6-9B71-E201FE031087} = {1271905D-10BE-4137-AFC8-E9D910A68A56}
		{85C05714-09A7-4625-8B62-148322C45B0E} = {747C241A-D5A8-45D3-B071-EBD416D6AAC0}
		{F5A76492-F1E2-4162-B635-CE40BF258A04} = {747C241A-D5A8-45D3-B071-EBD416D6AAC0}
		{413918DC-077A-4A9A-8808-D4C7B655FD7A} = {747C241A-D5A8-45D3-B071-EBD416D6AAC0}
		{52347D5A-1CFA-4BD2-BEDE-F4833E5AE5D9} = {6D311F73-4C79-46BB-8866-366914F85CC9}
		{6AF3BA24-DAB7-42C0-BC73-482C64A198B4} = {6D311F73-4C79-46BB-8866-366914F85CC9}
		{FE6D8AF2-93F3-40DF-8841-BBAB5B452AE5} = {6D311F73-4C79-46BB-8866-366914F85CC9}
		{962BCCB2-333A-42CE-974F-A594D52C2BCD} = {B9E776C4-F804-42BF-AE5A-D27CF33895D8}
		{182B1C48-5166-47B1-A7C2-8723FF86C120} = {B9E776C4-F804-42BF-AE5A-D27CF33895D8}
		{CC237AF4-7931-4F0C-9AF5-259A9F46F448} = {B9E776C4-F804-42BF-AE5A-D27CF33895D8}
	EndGlobalSection
EndGlobal
